
Microsoft Visual Studio Solution File, Format Version 12.00
# Visual Studio Version 16
VisualStudioVersion = 16.0.30413.136
MinimumVisualStudioVersion = 10.0.40219.1
Project("{8BC9CEB8-8B4A-11D0-8D11-00A0C91BC942}") = "10950", "10950\10950.vcxproj", "{BD026B47-2557-4B71-A1BC-F6A55C572981}"
EndProject
Global
	GlobalSection(SolutionConfigurationPlatforms) = preSolution
		Debug|x64 = Debug|x64
		Debug|x86 = Debug|x86
		Release|x64 = Release|x64
		Release|x86 = Release|x86
	EndGlobalSection
	GlobalSection(ProjectConfigurationPlatforms) = postSolution
		{BD026B47-2557-4B71-A1BC-F6A55C572981}.Debug|x64.ActiveCfg = Debug|x64
		{BD026B47-2557-4B71-A1BC-F6A55C572981}.Debug|x64.Build.0 = Debug|x64
		{BD026B47-2557-4B71-A1BC-F6A55C572981}.Debug|x86.ActiveCfg = Debug|Win32
		{BD026B47-2557-4B71-A1BC-F6A55C572981}.Debug|x86.Build.0 = Debug|Win32
		{BD026B47-2557-4B71-A1BC-F6A55C572981}.Release|x64.ActiveCfg = Release|x64
		{BD026B47-2557-4B71-A1BC-F6A55C572981}.Release|x64.Build.0 = Release|x64
		{BD026B47-2557-4B71-A1BC-F6A55C572981}.Release|x86.ActiveCfg = Release|Win32
		{BD026B47-2557-4B71-A1BC-F6A55C572981}.Release|x86.Build.0 = Release|Win32
	EndGlobalSection
	GlobalSection(SolutionProperties) = preSolution
		HideSolutionNode = FALSE
	EndGlobalSection
	GlobalSection(ExtensibilityGlobals) = postSolution
		SolutionGuid = {E8EA8164-3963-4281-B844-13C9D316D385}
	EndGlobalSection
EndGlobal
