
Microsoft Visual Studio Solution File, Format Version 12.00
# Visual Studio Version 16
VisualStudioVersion = 16.0.30413.136
MinimumVisualStudioVersion = 10.0.40219.1
Project("{8BC9CEB8-8B4A-11D0-8D11-00A0C91BC942}") = "1918", "1918\1918.vcxproj", "{8BDF32BF-6FDC-4EF7-A4E8-75984D9E8D48}"
EndProject
Global
	GlobalSection(SolutionConfigurationPlatforms) = preSolution
		Debug|x64 = Debug|x64
		Debug|x86 = Debug|x86
		Release|x64 = Release|x64
		Release|x86 = Release|x86
	EndGlobalSection
	GlobalSection(ProjectConfigurationPlatforms) = postSolution
		{8BDF32BF-6FDC-4EF7-A4E8-75984D9E8D48}.Debug|x64.ActiveCfg = Debug|x64
		{8BDF32BF-6FDC-4EF7-A4E8-75984D9E8D48}.Debug|x64.Build.0 = Debug|x64
		{8BDF32BF-6FDC-4EF7-A4E8-75984D9E8D48}.Debug|x86.ActiveCfg = Debug|Win32
		{8BDF32BF-6FDC-4EF7-A4E8-75984D9E8D48}.Debug|x86.Build.0 = Debug|Win32
		{8BDF32BF-6FDC-4EF7-A4E8-75984D9E8D48}.Release|x64.ActiveCfg = Release|x64
		{8BDF32BF-6FDC-4EF7-A4E8-75984D9E8D48}.Release|x64.Build.0 = Release|x64
		{8BDF32BF-6FDC-4EF7-A4E8-75984D9E8D48}.Release|x86.ActiveCfg = Release|Win32
		{8BDF32BF-6FDC-4EF7-A4E8-75984D9E8D48}.Release|x86.Build.0 = Release|Win32
	EndGlobalSection
	GlobalSection(SolutionProperties) = preSolution
		HideSolutionNode = FALSE
	EndGlobalSection
	GlobalSection(ExtensibilityGlobals) = postSolution
		SolutionGuid = {7B9131EB-F07C-452D-9542-8E39043502F2}
	EndGlobalSection
EndGlobal
