
Microsoft Visual Studio Solution File, Format Version 12.00
# Visual Studio Version 16
VisualStudioVersion = 16.0.30413.136
MinimumVisualStudioVersion = 10.0.40219.1
Project("{8BC9CEB8-8B4A-11D0-8D11-00A0C91BC942}") = "10845", "10845\10845.vcxproj", "{BB9DC4D5-F429-4BBD-A54E-BCB5D0C7928C}"
EndProject
Global
	GlobalSection(SolutionConfigurationPlatforms) = preSolution
		Debug|x64 = Debug|x64
		Debug|x86 = Debug|x86
		Release|x64 = Release|x64
		Release|x86 = Release|x86
	EndGlobalSection
	GlobalSection(ProjectConfigurationPlatforms) = postSolution
		{BB9DC4D5-F429-4BBD-A54E-BCB5D0C7928C}.Debug|x64.ActiveCfg = Debug|x64
		{BB9DC4D5-F429-4BBD-A54E-BCB5D0C7928C}.Debug|x64.Build.0 = Debug|x64
		{BB9DC4D5-F429-4BBD-A54E-BCB5D0C7928C}.Debug|x86.ActiveCfg = Debug|Win32
		{BB9DC4D5-F429-4BBD-A54E-BCB5D0C7928C}.Debug|x86.Build.0 = Debug|Win32
		{BB9DC4D5-F429-4BBD-A54E-BCB5D0C7928C}.Release|x64.ActiveCfg = Release|x64
		{BB9DC4D5-F429-4BBD-A54E-BCB5D0C7928C}.Release|x64.Build.0 = Release|x64
		{BB9DC4D5-F429-4BBD-A54E-BCB5D0C7928C}.Release|x86.ActiveCfg = Release|Win32
		{BB9DC4D5-F429-4BBD-A54E-BCB5D0C7928C}.Release|x86.Build.0 = Release|Win32
	EndGlobalSection
	GlobalSection(SolutionProperties) = preSolution
		HideSolutionNode = FALSE
	EndGlobalSection
	GlobalSection(ExtensibilityGlobals) = postSolution
		SolutionGuid = {76617DDF-E68B-4943-9E89-69CD730E2920}
	EndGlobalSection
EndGlobal
