
Microsoft Visual Studio Solution File, Format Version 12.00
# Visual Studio Version 16
VisualStudioVersion = 16.0.30413.136
MinimumVisualStudioVersion = 10.0.40219.1
Project("{8BC9CEB8-8B4A-11D0-8D11-00A0C91BC942}") = "13163", "13163\13163.vcxproj", "{C522CBF2-957E-4221-B829-E624DE5CE0DF}"
EndProject
Global
	GlobalSection(SolutionConfigurationPlatforms) = preSolution
		Debug|x64 = Debug|x64
		Debug|x86 = Debug|x86
		Release|x64 = Release|x64
		Release|x86 = Release|x86
	EndGlobalSection
	GlobalSection(ProjectConfigurationPlatforms) = postSolution
		{C522CBF2-957E-4221-B829-E624DE5CE0DF}.Debug|x64.ActiveCfg = Debug|x64
		{C522CBF2-957E-4221-B829-E624DE5CE0DF}.Debug|x64.Build.0 = Debug|x64
		{C522CBF2-957E-4221-B829-E624DE5CE0DF}.Debug|x86.ActiveCfg = Debug|Win32
		{C522CBF2-957E-4221-B829-E624DE5CE0DF}.Debug|x86.Build.0 = Debug|Win32
		{C522CBF2-957E-4221-B829-E624DE5CE0DF}.Release|x64.ActiveCfg = Release|x64
		{C522CBF2-957E-4221-B829-E624DE5CE0DF}.Release|x64.Build.0 = Release|x64
		{C522CBF2-957E-4221-B829-E624DE5CE0DF}.Release|x86.ActiveCfg = Release|Win32
		{C522CBF2-957E-4221-B829-E624DE5CE0DF}.Release|x86.Build.0 = Release|Win32
	EndGlobalSection
	GlobalSection(SolutionProperties) = preSolution
		HideSolutionNode = FALSE
	EndGlobalSection
	GlobalSection(ExtensibilityGlobals) = postSolution
		SolutionGuid = {14E4C9AD-4728-4FAB-AF5B-A3FA8C0F6954}
	EndGlobalSection
EndGlobal
